
Microsoft Visual Studio Solution File, Format Version 12.00
# Visual Studio Version 16
VisualStudioVersion = 16.0.33927.289
MinimumVisualStudioVersion = 10.0.40219.1
Project("{FAE04EC0-301F-11D3-BF4B-00C04F79EFBC}") = "CalidadDominioDTO", "CalidadDominioDTO\CalidadDominioDTO.csproj", "{FFD65569-3CEE-410A-BCF2-694F79D1E337}"
EndProject
Global
	GlobalSection(SolutionConfigurationPlatforms) = preSolution
		Debug|Any CPU = Debug|Any CPU
		Release|Any CPU = Release|Any CPU
	EndGlobalSection
	GlobalSection(ProjectConfigurationPlatforms) = postSolution
		{FFD65569-3CEE-410A-BCF2-694F79D1E337}.Debug|Any CPU.ActiveCfg = Debug|Any CPU
		{FFD65569-3CEE-410A-BCF2-694F79D1E337}.Debug|Any CPU.Build.0 = Debug|Any CPU
		{FFD65569-3CEE-410A-BCF2-694F79D1E337}.Release|Any CPU.ActiveCfg = Release|Any CPU
		{FFD65569-3CEE-410A-BCF2-694F79D1E337}.Release|Any CPU.Build.0 = Release|Any CPU
	EndGlobalSection
	GlobalSection(SolutionProperties) = preSolution
		HideSolutionNode = FALSE
	EndGlobalSection
	GlobalSection(ExtensibilityGlobals) = postSolution
		SolutionGuid = {40110EB7-F56E-426D-906A-35447FC7055B}
	EndGlobalSection
EndGlobal
